
Microsoft Visual Studio Solution File, Format Version 12.00
# Visual Studio Version 17
VisualStudioVersion = 17.4.33205.214
MinimumVisualStudioVersion = 10.0.40219.1
Project("{FAE04EC0-301F-11D3-BF4B-00C04F79EFBC}") = "DotNetCoreFrameWork", "DotNetCoreFrameWork\DotNetCoreFrameWork.csproj", "{BF8F7B6C-8721-419C-B0AB-B4BEAC1545BB}"
EndProject
Project("{FAE04EC0-301F-11D3-BF4B-00C04F79EFBC}") = "DotNetCoreFrameWork.Domain", "DotNetCoreFrameWork.Domain\DotNetCoreFrameWork.Domain.csproj", "{AF0513AA-7454-4DEC-AB52-F637387CB7B9}"
EndProject
Project("{FAE04EC0-301F-11D3-BF4B-00C04F79EFBC}") = "DotNetCoreFrameWork.Entities", "DotNetCoreFrameWork.Entities\DotNetCoreFrameWork.Entities.csproj", "{6D5EFF7A-2509-4E57-9DB8-A52D73AB5D87}"
EndProject
Project("{FAE04EC0-301F-11D3-BF4B-00C04F79EFBC}") = "DotNetCoreFrameWork.Repositories", "DotNetCoreFrameWork.Repositories\DotNetCoreFrameWork.Repositories.csproj", "{0AEEB1CF-43C0-4FAF-B167-DB1EEF4ADF4B}"
EndProject
Global
	GlobalSection(SolutionConfigurationPlatforms) = preSolution
		Debug|Any CPU = Debug|Any CPU
		Release|Any CPU = Release|Any CPU
	EndGlobalSection
	GlobalSection(ProjectConfigurationPlatforms) = postSolution
		{BF8F7B6C-8721-419C-B0AB-B4BEAC1545BB}.Debug|Any CPU.ActiveCfg = Debug|Any CPU
		{BF8F7B6C-8721-419C-B0AB-B4BEAC1545BB}.Debug|Any CPU.Build.0 = Debug|Any CPU
		{BF8F7B6C-8721-419C-B0AB-B4BEAC1545BB}.Release|Any CPU.ActiveCfg = Release|Any CPU
		{BF8F7B6C-8721-419C-B0AB-B4BEAC1545BB}.Release|Any CPU.Build.0 = Release|Any CPU
		{AF0513AA-7454-4DEC-AB52-F637387CB7B9}.Debug|Any CPU.ActiveCfg = Debug|Any CPU
		{AF0513AA-7454-4DEC-AB52-F637387CB7B9}.Debug|Any CPU.Build.0 = Debug|Any CPU
		{AF0513AA-7454-4DEC-AB52-F637387CB7B9}.Release|Any CPU.ActiveCfg = Release|Any CPU
		{AF0513AA-7454-4DEC-AB52-F637387CB7B9}.Release|Any CPU.Build.0 = Release|Any CPU
		{6D5EFF7A-2509-4E57-9DB8-A52D73AB5D87}.Debug|Any CPU.ActiveCfg = Debug|Any CPU
		{6D5EFF7A-2509-4E57-9DB8-A52D73AB5D87}.Debug|Any CPU.Build.0 = Debug|Any CPU
		{6D5EFF7A-2509-4E57-9DB8-A52D73AB5D87}.Release|Any CPU.ActiveCfg = Release|Any CPU
		{6D5EFF7A-2509-4E57-9DB8-A52D73AB5D87}.Release|Any CPU.Build.0 = Release|Any CPU
		{0AEEB1CF-43C0-4FAF-B167-DB1EEF4ADF4B}.Debug|Any CPU.ActiveCfg = Debug|Any CPU
		{0AEEB1CF-43C0-4FAF-B167-DB1EEF4ADF4B}.Debug|Any CPU.Build.0 = Debug|Any CPU
		{0AEEB1CF-43C0-4FAF-B167-DB1EEF4ADF4B}.Release|Any CPU.ActiveCfg = Release|Any CPU
		{0AEEB1CF-43C0-4FAF-B167-DB1EEF4ADF4B}.Release|Any CPU.Build.0 = Release|Any CPU
	EndGlobalSection
	GlobalSection(SolutionProperties) = preSolution
		HideSolutionNode = FALSE
	EndGlobalSection
	GlobalSection(ExtensibilityGlobals) = postSolution
		SolutionGuid = {71C6709D-E9DF-4728-B5B7-1460FB7E7C5E}
	EndGlobalSection
EndGlobal
